
Microsoft Visual Studio Solution File, Format Version 12.00
# Visual Studio Version 17
VisualStudioVersion = 17.7.34003.232
MinimumVisualStudioVersion = 10.0.40219.1
Project("{9A19103F-16F7-4668-BE54-9A1E7A4F7556}") = "BlazorTopLearn_Server", "BlazorTopLearn_Server\BlazorTopLearn_Server.csproj", "{289B9B69-31D9-403A-AF29-BA1A0E06A903}"
EndProject
Global
	GlobalSection(SolutionConfigurationPlatforms) = preSolution
		Debug|Any CPU = Debug|Any CPU
		Release|Any CPU = Release|Any CPU
	EndGlobalSection
	GlobalSection(ProjectConfigurationPlatforms) = postSolution
		{289B9B69-31D9-403A-AF29-BA1A0E06A903}.Debug|Any CPU.ActiveCfg = Debug|Any CPU
		{289B9B69-31D9-403A-AF29-BA1A0E06A903}.Debug|Any CPU.Build.0 = Debug|Any CPU
		{289B9B69-31D9-403A-AF29-BA1A0E06A903}.Release|Any CPU.ActiveCfg = Release|Any CPU
		{289B9B69-31D9-403A-AF29-BA1A0E06A903}.Release|Any CPU.Build.0 = Release|Any CPU
	EndGlobalSection
	GlobalSection(SolutionProperties) = preSolution
		HideSolutionNode = FALSE
	EndGlobalSection
	GlobalSection(ExtensibilityGlobals) = postSolution
		SolutionGuid = {AC708AE9-1A00-44BB-B561-67B83F6B1534}
	EndGlobalSection
EndGlobal
